# This file is automatically @generated by Cargo.
# It is not intended for manual editing.
version = 4

[[package]]
name = "browser-tester-next"
version = "0.1.0"
dependencies = [
 "bt-dom",
 "bt-runtime",
 "bt-script",
]

[[package]]
name = "bt-dom"
version = "0.1.0"

[[package]]
name = "bt-runtime"
version = "0.1.0"
dependencies = [
 "bt-dom",
 "bt-script",
]

[[package]]
name = "bt-script"
version = "0.1.0"
